{
  "name": "code-archaeologist-monorepo",
  "version": "0.1.0",
  "lockfileVersion": 3,
  "requires": true,
  "packages": {
    "": {
      "name": "code-archaeologist-monorepo",
      "version": "0.1.0",
      "license": "Apache-2.0",
      "workspaces": [
        "packages/*",
        "apps/*",
        "adapters/*"
      ],
      "devDependencies": {
        "@types/node": "^26.6.4",
        "@types/vscode": "^1.140.0",
        "typescript": "^5.9.3"
      },
      "engines": {
        "node": ">=20.0.0"
      }
    },
    "adapters/cli": {
      "name": "@codearch/adapter-cli",
      "version": "0.1.0",
      "license": "Apache-2.0",
      "dependencies": {
        "@codearch/protocol": "^0.1.0"
      }
    },
    "adapters/vscode": {
      "name": "@codearch/adapter-vscode",
      "version": "0.1.0",
      "license": "Apache-2.0",
      "dependencies": {
        "@codearch/core": "^0.1.0",
        "@codearch/protocol": "^0.1.0"
      }
    },
    "apps/cli": {
      "name": "codearch-cli",
      "version": "0.1.0",
      "license": "Apache-2.0",
      "dependencies": {
        "@codearch/adapter-cli": "^0.1.0",
        "@codearch/core": "^0.1.0",
        "@codearch/protocol": "^0.1.0"
      },
      "bin": {
        "codearch": "bin/codearch.js"
      }
    },
    "apps/vscode": {
      "name": "code-archaeologist",
      "version": "0.1.0",
      "license": "Apache-2.0",
      "dependencies": {
        "@codearch/adapter-vscode": "^0.1.0",
        "@codearch/core": "^0.1.0",
        "@codearch/protocol": "^0.1.0"
      },
      "devDependencies": {
        "@types/vscode": "^1.85.0"
      },
      "engines": {
        "vscode": "^1.85.0"
      }
    },
    "node_modules/@codearch/adapter-cli": {
      "resolved": "adapters/cli",
      "link": true
    },
    "node_modules/@codearch/adapter-vscode": {
      "resolved": "adapters/vscode",
      "link": true
    },
    "node_modules/@codearch/ai-engine": {
      "resolved": "packages/ai-engine",
      "link": true
    },
    "node_modules/@codearch/ast-engine": {
      "resolved": "packages/ast-engine",
      "link": true
    },
    "node_modules/@codearch/core": {
      "resolved": "packages/core",
      "link": true
    },
    "node_modules/@codearch/database": {
      "resolved": "packages/database",
      "link": true
    },
    "node_modules/@codearch/dependency-engine": {
      "resolved": "packages/dependency-engine",
      "link": true
    },
    "node_modules/@codearch/git-engine": {
      "resolved": "packages/git-engine",
      "link": true
    },
    "node_modules/@codearch/history-engine": {
      "resolved": "packages/history-engine",
      "link": true
    },
    "node_modules/@codearch/protocol": {
      "resolved": "packages/protocol",
      "link": true
    },
    "node_modules/@codearch/risk-engine": {
      "resolved": "packages/risk-engine",
      "link": true
    },
    "node_modules/@types/node": {
      "version": "26.6.4",
      "resolved": "https://registry.npmjs.org/@types/node/-/node-26.6.4.tgz",
      "integrity": "sha512-ldVPDCzj7fsaGZrLB0NuHuTvJcsNasysBAqMolr/cgxrLd1xbqxIr3XJiPnHHJUCxj5sNF1vnRj9aWnrVh5Jcg==",
      "dev": true,
      "license": "MIT",
      "dependencies": {
        "undici-types": "~8.9.0"
      }
    },
    "node_modules/@types/vscode": {
      "version": "1.140.0",
      "resolved": "https://registry.npmjs.org/@types/vscode/-/vscode-1.140.0.tgz",
      "integrity": "sha512-KAB5RBZIgnUhpp4mKsVJPPHLOQKu6WtGy2xpfWjaajEXO4xIIC+UESAXLiQ9ewx6QD1uBmvC/S8BJzkbvv4bRA==",
      "dev": true,
      "license": "MIT"
    },
    "node_modules/code-archaeologist": {
      "resolved": "apps/vscode",
      "link": true
    },
    "node_modules/codearch-cli": {
      "resolved": "apps/cli",
      "link": true
    },
    "node_modules/typescript": {
      "version": "5.9.3",
      "resolved": "https://registry.npmjs.org/typescript/-/typescript-5.9.3.tgz",
      "integrity": "sha512-jl1vZzPDinLr9eUt3J/t7V6FgNEw9QjvBPdysz9KfQDD41fQrC2Y4vKQdiaUpFT4bXlb1RHhLpp8wtm6M5TgSw==",
      "license": "Apache-2.0",
      "bin": {
        "tsc": "bin/tsc",
        "tsserver": "bin/tsserver"
      },
      "engines": {
        "node": ">=14.17"
      }
    },
    "node_modules/undici-types": {
      "version": "8.9.0",
      "resolved": "https://registry.npmjs.org/undici-types/-/undici-types-8.9.0.tgz",
      "integrity": "sha512-KTDyRTYX8sWmKXAikPHHSyc63CRPETMctyjKFupcC6OBLXT3xsN0e9aF7m+mIXutFWpUXuedtowG7iLOzp0kQg==",
      "dev": true,
      "license": "MIT"
    },
    "packages/ai-engine": {
      "name": "@codearch/ai-engine",
      "version": "0.1.0",
      "license": "Apache-2.0",
      "dependencies": {
        "@codearch/protocol": "^0.1.0"
      }
    },
    "packages/ast-engine": {
      "name": "@codearch/ast-engine",
      "version": "0.1.0",
      "license": "Apache-2.0",
      "dependencies": {
        "@codearch/protocol": "^0.1.0",
        "typescript": "^5.7.3"
      }
    },
    "packages/core": {
      "name": "@codearch/core",
      "version": "0.1.0",
      "license": "Apache-2.0",
      "dependencies": {
        "@codearch/ai-engine": "^0.1.0",
        "@codearch/ast-engine": "^0.1.0",
        "@codearch/database": "^0.1.0",
        "@codearch/dependency-engine": "^0.1.0",
        "@codearch/git-engine": "^0.1.0",
        "@codearch/history-engine": "^0.1.0",
        "@codearch/protocol": "^0.1.0",
        "@codearch/risk-engine": "^0.1.0"
      }
    },
    "packages/database": {
      "name": "@codearch/database",
      "version": "0.1.0",
      "license": "Apache-2.0",
      "dependencies": {
        "@codearch/protocol": "^0.1.0"
      }
    },
    "packages/dependency-engine": {
      "name": "@codearch/dependency-engine",
      "version": "0.1.0",
      "license": "Apache-2.0",
      "dependencies": {
        "@codearch/database": "^0.1.0",
        "@codearch/protocol": "^0.1.0"
      }
    },
    "packages/git-engine": {
      "name": "@codearch/git-engine",
      "version": "0.1.0",
      "license": "Apache-2.0",
      "dependencies": {
        "@codearch/protocol": "^0.1.0"
      }
    },
    "packages/history-engine": {
      "name": "@codearch/history-engine",
      "version": "0.1.0",
      "license": "Apache-2.0",
      "dependencies": {
        "@codearch/database": "^0.1.0",
        "@codearch/git-engine": "^0.1.0",
        "@codearch/protocol": "^0.1.0"
      }
    },
    "packages/protocol": {
      "name": "@codearch/protocol",
      "version": "0.1.0",
      "license": "Apache-2.0"
    },
    "packages/risk-engine": {
      "name": "@codearch/risk-engine",
      "version": "0.1.0",
      "license": "Apache-2.0",
      "dependencies": {
        "@codearch/database": "^0.1.0",
        "@codearch/git-engine": "^0.1.0",
        "@codearch/protocol": "^0.1.0"
      }
    }
  }
}
